
Microsoft Visual Studio Solution File, Format Version 10.00
# Visual Studio 2008
Project("{FAE04EC0-301F-11D3-BF4B-00C04F79EFBC}") = "Codeine", "Codeine\Codeine.csproj", "{452A0AEF-9867-4D1B-89AB-D07FDA949241}"
EndProject
Project("{FAE04EC0-301F-11D3-BF4B-00C04F79EFBC}") = "CodeineClient", "CodeineClient\CodeineClient.csproj", "{EF5ADF08-AC12-4A67-9FA5-AF54C6E841B8}"
EndProject
Global
	GlobalSection(SolutionConfigurationPlatforms) = preSolution
		Debug|Any CPU = Debug|Any CPU
		Release|Any CPU = Release|Any CPU
	EndGlobalSection
	GlobalSection(ProjectConfigurationPlatforms) = postSolution
		{452A0AEF-9867-4D1B-89AB-D07FDA949241}.Debug|Any CPU.ActiveCfg = Debug|Any CPU
		{452A0AEF-9867-4D1B-89AB-D07FDA949241}.Debug|Any CPU.Build.0 = Debug|Any CPU
		{452A0AEF-9867-4D1B-89AB-D07FDA949241}.Release|Any CPU.ActiveCfg = Release|Any CPU
		{452A0AEF-9867-4D1B-89AB-D07FDA949241}.Release|Any CPU.Build.0 = Release|Any CPU
		{EF5ADF08-AC12-4A67-9FA5-AF54C6E841B8}.Debug|Any CPU.ActiveCfg = Debug|Any CPU
		{EF5ADF08-AC12-4A67-9FA5-AF54C6E841B8}.Debug|Any CPU.Build.0 = Debug|Any CPU
		{EF5ADF08-AC12-4A67-9FA5-AF54C6E841B8}.Release|Any CPU.ActiveCfg = Release|Any CPU
		{EF5ADF08-AC12-4A67-9FA5-AF54C6E841B8}.Release|Any CPU.Build.0 = Release|Any CPU
	EndGlobalSection
	GlobalSection(SolutionProperties) = preSolution
		HideSolutionNode = FALSE
	EndGlobalSection
EndGlobal
